# THIS IS AN AUTOGENERATED FILE. DO NOT EDIT THIS FILE DIRECTLY.
# yarn lockfile v1


"@tokenizer/token@^0.1.0", "@tokenizer/token@^0.1.1":
  version "0.1.1"
  resolved "https://registry.yarnpkg.com/@tokenizer/token/-/token-0.1.1.tgz#f0d92c12f87079ddfd1b29f614758b9696bc29e3"
  integrity sha512-XO6INPbZCxdprl+9qa/AAbFFOMzzwqYxpjPgLICrMD6C2FCw6qfJOPcBk6JqqPLSaZ/Qx87qn4rpPmPMwaAK6w==

"@types/debug@^4.1.5":
  version "4.1.5"
  resolved "https://registry.yarnpkg.com/@types/debug/-/debug-4.1.5.tgz#b14efa8852b7768d898906613c23f688713e02cd"
  integrity sha512-Q1y515GcOdTHgagaVFhHnIFQ38ygs/kmxdNpvpou+raI9UO3YZcHDngBSYKQklcKlvA7iuQlmIKbzvmxcOE9CQ==

debug@^4.1.1:
  version "4.1.1"
  resolved "https://registry.yarnpkg.com/debug/-/debug-4.1.1.tgz#3b72260255109c6b589cee050f1d516139664791"
  integrity sha512-pYAIzeRo8J6KPEaJ0VWOh5Pzkbw/RetuzehGM7QRRX5he4fPHx2rdKMB256ehJCkX+XRQm16eZLqLNS8RSZXZw==
  dependencies:
    ms "^2.1.1"

file-type@^14.1.4:
  version "14.1.4"
  resolved "https://registry.yarnpkg.com/file-type/-/file-type-14.1.4.tgz#3ac109f2ea9e8f5573d000ec0c6bcdff07fd46de"
  integrity sha512-1n6FczX8n73Y/cLjTiMboeTGHfm/i2AWk2oQE7m9a/G5YTCZHCEHEGr32thhLm3iQNUYzTKVQUcYcNHtOLwqgQ==
  dependencies:
    readable-web-to-node-stream "^2.0.0"
    strtok3 "^6.0.0"
    token-types "^2.0.0"
    typedarray-to-buffer "^3.1.5"

ieee754@^1.1.13:
  version "1.1.13"
  resolved "https://registry.yarnpkg.com/ieee754/-/ieee754-1.1.13.tgz#ec168558e95aa181fd87d37f55c32bbcb6708b84"
  integrity sha512-4vf7I2LYV/HaWerSo3XmlMkp5eZ83i+/CDluXi/IGTs/O1sejBNhTtnxzmRZfvOUqj7lZjqHkeTvpgSFDlWZTg==

is-typedarray@^1.0.0:
  version "1.0.0"
  resolved "https://registry.yarnpkg.com/is-typedarray/-/is-typedarray-1.0.0.tgz#e479c80858df0c1b11ddda6940f96011fcda4a9a"
  integrity sha1-5HnICFjfDBsR3dppQPlgEfzaSpo=

ms@^2.1.1:
  version "2.1.2"
  resolved "https://registry.yarnpkg.com/ms/-/ms-2.1.2.tgz#d09d1f357b443f493382a8eb3ccd183872ae6009"
  integrity sha512-sGkPx+VjMtmA6MX27oA4FBFELFCZZ4S4XqeGOXCv68tT+jb3vk/RyaKWP0PTKyWtmLSM0b+adUTEvbs1PEaH2w==

peek-readable@^3.1.0:
  version "3.1.0"
  resolved "https://registry.yarnpkg.com/peek-readable/-/peek-readable-3.1.0.tgz#250b08b7de09db8573d7fd8ea475215bbff14348"
  integrity sha512-KGuODSTV6hcgdZvDrIDBUkN0utcAVj1LL7FfGbM0viKTtCHmtZcuEJ+lGqsp0fTFkGqesdtemV2yUSMeyy3ddA==

readable-web-to-node-stream@^2.0.0:
  version "2.0.0"
  resolved "https://registry.yarnpkg.com/readable-web-to-node-stream/-/readable-web-to-node-stream-2.0.0.tgz#751e632f466552ac0d5c440cc01470352f93c4b7"
  integrity sha512-+oZJurc4hXpaaqsN68GoZGQAQIA3qr09Or4fqEsargABnbe5Aau8hFn6ISVleT3cpY/0n/8drn7huyyEvTbghA==

sax@>=0.6.0:
  version "1.2.4"
  resolved "https://registry.yarnpkg.com/sax/-/sax-1.2.4.tgz#2816234e2378bddc4e5354fab5caa895df7100d9"
  integrity sha512-NqVDv9TpANUjFm0N8uM5GxL36UgKi9/atZw+x7YFnQ8ckwFGKrl4xX4yWtrey3UJm5nP1kUbnYgLopqWNSRhWw==

strtok3@^6.0.0:
  version "6.0.0"
  resolved "https://registry.yarnpkg.com/strtok3/-/strtok3-6.0.0.tgz#d6b900863daeacfe6c1724c6e7bb36d7a58e83c8"
  integrity sha512-ZXlmE22LZnIBvEU3n/kZGdh770fYFie65u5+2hLK9s74DoFtpkQIdBZVeYEzlolpGa+52G5IkzjUWn+iXynOEQ==
  dependencies:
    "@tokenizer/token" "^0.1.1"
    "@types/debug" "^4.1.5"
    debug "^4.1.1"
    peek-readable "^3.1.0"

token-types@^2.0.0:
  version "2.0.0"
  resolved "https://registry.yarnpkg.com/token-types/-/token-types-2.0.0.tgz#b23618af744818299c6fbf125e0fdad98bab7e85"
  integrity sha512-WWvu8sGK8/ZmGusekZJJ5NM6rRVTTDO7/bahz4NGiSDb/XsmdYBn6a1N/bymUHuWYTWeuLUg98wUzvE4jPdCZw==
  dependencies:
    "@tokenizer/token" "^0.1.0"
    ieee754 "^1.1.13"

typedarray-to-buffer@^3.1.5:
  version "3.1.5"
  resolved "https://registry.yarnpkg.com/typedarray-to-buffer/-/typedarray-to-buffer-3.1.5.tgz#a97ee7a9ff42691b9f783ff1bc5112fe3fca9080"
  integrity sha512-zdu8XMNEDepKKR+XYOXAVPtWui0ly0NtohUscw+UmaHiAWT8hrV1rr//H6V+0DvJ3OQ19S979M0laLfX8rm82Q==
  dependencies:
    is-typedarray "^1.0.0"

xml2js@^0.4.23:
  version "0.4.23"
  resolved "https://registry.yarnpkg.com/xml2js/-/xml2js-0.4.23.tgz#a0c69516752421eb2ac758ee4d4ccf58843eac66"
  integrity sha512-ySPiMjM0+pLDftHgXY4By0uswI3SPKLDw/i3UXbnO8M/p28zqexCUoPmQFrYD+/1BzhGJSs2i1ERWKJAtiLrug==
  dependencies:
    sax ">=0.6.0"
    xmlbuilder "~11.0.0"

xmlbuilder@~11.0.0:
  version "11.0.1"
  resolved "https://registry.yarnpkg.com/xmlbuilder/-/xmlbuilder-11.0.1.tgz#be9bae1c8a046e76b31127726347d0ad7002beb3"
  integrity sha512-fDlsI/kFEx7gLvbecc0/ohLG50fugQp8ryHzMTuW9vSa1GJ0XYWKnhsUx7oie3G98+r56aTQIUB4kht42R3JvA==
